// !$*UTF8*$!
{
	archiveVersion = 1;
	classes = {
	};
	objectVersion = 50;
	objects = {

/* Begin PBXBuildFile section */
		AC4E51D1212B92C00009B2FD /* AppDelegate.swift in Sources */ = {isa = PBXBuildFile; fileRef = AC4E51D0212B92C00009B2FD /* AppDelegate.swift */; };
		AC4E51D3212B92C00009B2FD /* ViewController.swift in Sources */ = {isa = PBXBuildFile; fileRef = AC4E51D2212B92C00009B2FD /* ViewController.swift */; };
		AC4E51D6212B92C00009B2FD /* Main.storyboard in Resources */ = {isa = PBXBuildFile; fileRef = AC4E51D4212B92C00009B2FD /* Main.storyboard */; };
		AC4E51D8212B92C20009B2FD /* Assets.xcassets in Resources */ = {isa = PBXBuildFile; fileRef = AC4E51D7212B92C20009B2FD /* Assets.xcassets */; };
		AC4E51DB212B92C20009B2FD /* LaunchScreen.storyboard in Resources */ = {isa = PBXBuildFile; fileRef = AC4E51D9212B92C20009B2FD /* LaunchScreen.storyboard */; };
		AC4E51E3212B942B0009B2FD /* AnimalTableViewController.swift in Sources */ = {isa = PBXBuildFile; fileRef = AC4E51E2212B942B0009B2FD /* AnimalTableViewController.swift */; };
		AC4E5203212B9FCF0009B2FD /* DetalheViewController.swift in Sources */ = {isa = PBXBuildFile; fileRef = AC4E5202212B9FCF0009B2FD /* DetalheViewController.swift */; };
/* End PBXBuildFile section */

/* Begin PBXFileReference section */
		AC4E51CD212B92C00009B2FD /* Exemplo_tableViewController.app */ = {isa = PBXFileReference; explicitFileType = wrapper.application; includeInIndex = 0; path = Exemplo_tableViewController.app; sourceTree = BUILT_PRODUCTS_DIR; };
		AC4E51D0212B92C00009B2FD /* AppDelegate.swift */ = {isa = PBXFileReference; lastKnownFileType = sourcecode.swift; path = AppDelegate.swift; sourceTree = "<group>"; };
		AC4E51D2212B92C00009B2FD /* ViewController.swift */ = {isa = PBXFileReference; lastKnownFileType = sourcecode.swift; path = ViewController.swift; sourceTree = "<group>"; };
		AC4E51D5212B92C00009B2FD /* Base */ = {isa = PBXFileReference; lastKnownFileType = file.storyboard; name = Base; path = Base.lproj/Main.storyboard; sourceTree = "<group>"; };
		AC4E51D7212B92C20009B2FD /* Assets.xcassets */ = {isa = PBXFileReference; lastKnownFileType = folder.assetcatalog; path = Assets.xcassets; sourceTree = "<group>"; };
		AC4E51DA212B92C20009B2FD /* Base */ = {isa = PBXFileReference; lastKnownFileType = file.storyboard; name = Base; path = Base.lproj/LaunchScreen.storyboard; sourceTree = "<group>"; };
		AC4E51DC212B92C20009B2FD /* Info.plist */ = {isa = PBXFileReference; lastKnownFileType = text.plist.xml; path = Info.plist; sourceTree = "<group>"; };
		AC4E51E2212B942B0009B2FD /* AnimalTableViewController.swift */ = {isa = PBXFileReference; lastKnownFileType = sourcecode.swift; path = AnimalTableViewController.swift; sourceTree = "<group>"; };
		AC4E5202212B9FCF0009B2FD /* DetalheViewController.swift */ = {isa = PBXFileReference; lastKnownFileType = sourcecode.swift; path = DetalheViewController.swift; sourceTree = "<group>"; };
/* End PBXFileReference section */

/* Begin PBXFrameworksBuildPhase section */
		AC4E51CA212B92C00009B2FD /* Frameworks */ = {
			isa = PBXFrameworksBuildPhase;
			buildActionMask = 2147483647;
			files = (
			);
			runOnlyForDeploymentPostprocessing = 0;
		};
/* End PBXFrameworksBuildPhase section */

/* Begin PBXGroup section */
		AC4E51C4212B92C00009B2FD = {
			isa = PBXGroup;
			children = (
				AC4E51CF212B92C00009B2FD /* Exemplo_tableViewController */,
				AC4E51CE212B92C00009B2FD /* Products */,
			);
			sourceTree = "<group>";
		};
		AC4E51CE212B92C00009B2FD /* Products */ = {
			isa = PBXGroup;
			children = (
				AC4E51CD212B92C00009B2FD /* Exemplo_tableViewController.app */,
			);
			name = Products;
			sourceTree = "<group>";
		};
		AC4E51CF212B92C00009B2FD /* Exemplo_tableViewController */ = {
			isa = PBXGroup;
			children = (
				AC4E51D0212B92C00009B2FD /* AppDelegate.swift */,
				AC4E51D2212B92C00009B2FD /* ViewController.swift */,
				AC4E51D4212B92C00009B2FD /* Main.storyboard */,
				AC4E5202212B9FCF0009B2FD /* DetalheViewController.swift */,
				AC4E51E2212B942B0009B2FD /* AnimalTableViewController.swift */,
				AC4E51D7212B92C20009B2FD /* Assets.xcassets */,
				AC4E51D9212B92C20009B2FD /* LaunchScreen.storyboard */,
				AC4E51DC212B92C20009B2FD /* Info.plist */,
			);
			path = Exemplo_tableViewController;
			sourceTree = "<group>";
		};
/* End PBXGroup section */

/* Begin PBXNativeTarget section */
		AC4E51CC212B92C00009B2FD /* Exemplo_tableViewController */ = {
			isa = PBXNativeTarget;
			buildConfigurationList = AC4E51DF212B92C20009B2FD /* Build configuration list for PBXNativeTarget "Exemplo_tableViewController" */;
			buildPhases = (
				AC4E51C9212B92C00009B2FD /* Sources */,
				AC4E51CA212B92C00009B2FD /* Frameworks */,
				AC4E51CB212B92C00009B2FD /* Resources */,
			);
			buildRules = (
			);
			dependencies = (
			);
			name = Exemplo_tableViewController;
			productName = Exemplo_tableViewController;
			productReference = AC4E51CD212B92C00009B2FD /* Exemplo_tableViewController.app */;
			productType = "com.apple.product-type.application";
		};
/* End PBXNativeTarget section */

/* Begin PBXProject section */
		AC4E51C5212B92C00009B2FD /* Project object */ = {
			isa = PBXProject;
			attributes = {
				LastSwiftUpdateCheck = 0940;
				LastUpgradeCheck = 0940;
				ORGANIZATIONNAME = "Usuário Convidado";
				TargetAttributes = {
					AC4E51CC212B92C00009B2FD = {
						CreatedOnToolsVersion = 9.4.1;
					};
				};
			};
			buildConfigurationList = AC4E51C8212B92C00009B2FD /* Build configuration list for PBXProject "Exemplo_tableViewController" */;
			compatibilityVersion = "Xcode 9.3";
			developmentRegion = en;
			hasScannedForEncodings = 0;
			knownRegions = (
				en,
				Base,
			);
			mainGroup = AC4E51C4212B92C00009B2FD;
			productRefGroup = AC4E51CE212B92C00009B2FD /* Products */;
			projectDirPath = "";
			projectRoot = "";
			targets = (
				AC4E51CC212B92C00009B2FD /* Exemplo_tableViewController */,
			);
		};
/* End PBXProject section */

/* Begin PBXResourcesBuildPhase section */
		AC4E51CB212B92C00009B2FD /* Resources */ = {
			isa = PBXResourcesBuildPhase;
			buildActionMask = 2147483647;
			files = (
				AC4E51DB212B92C20009B2FD /* LaunchScreen.storyboard in Resources */,
				AC4E51D8212B92C20009B2FD /* Assets.xcassets in Resources */,
				AC4E51D6212B92C00009B2FD /* Main.storyboard in Resources */,
			);
			runOnlyForDeploymentPostprocessing = 0;
		};
/* End PBXResourcesBuildPhase section */

/* Begin PBXSourcesBuildPhase section */
		AC4E51C9212B92C00009B2FD /* Sources */ = {
			isa = PBXSourcesBuildPhase;
			buildActionMask = 2147483647;
			files = (
				AC4E5203212B9FCF0009B2FD /* DetalheViewController.swift in Sources */,
				AC4E51E3212B942B0009B2FD /* AnimalTableViewController.swift in Sources */,
				AC4E51D3212B92C00009B2FD /* ViewController.swift in Sources */,
				AC4E51D1212B92C00009B2FD /* AppDelegate.swift in Sources */,
			);
			runOnlyForDeploymentPostprocessing = 0;
		};
/* End PBXSourcesBuildPhase section */

/* Begin PBXVariantGroup section */
		AC4E51D4212B92C00009B2FD /* Main.storyboard */ = {
			isa = PBXVariantGroup;
			children = (
				AC4E51D5212B92C00009B2FD /* Base */,
			);
			name = Main.storyboard;
			sourceTree = "<group>";
		};
		AC4E51D9212B92C20009B2FD /* LaunchScreen.storyboard */ = {
			isa = PBXVariantGroup;
			children = (
				AC4E51DA212B92C20009B2FD /* Base */,
			);
			name = LaunchScreen.storyboard;
			sourceTree = "<group>";
		};
/* End PBXVariantGroup section */

/* Begin XCBuildConfiguration section */
		AC4E51DD212B92C20009B2FD /* Debug */ = {
			isa = XCBuildConfiguration;
			buildSettings = {
				ALWAYS_SEARCH_USER_PATHS = NO;
				CLANG_ANALYZER_NONNULL = YES;
				CLANG_ANALYZER_NUMBER_OBJECT_CONVERSION = YES_AGGRESSIVE;
				CLANG_CXX_LANGUAGE_STANDARD = "gnu++14";
				CLANG_CXX_LIBRARY = "libc++";
				CLANG_ENABLE_MODULES = YES;
				CLANG_ENABLE_OBJC_ARC = YES;
				CLANG_ENABLE_OBJC_WEAK = YES;
				CLANG_WARN_BLOCK_CAPTURE_AUTORELEASING = YES;
				CLANG_WARN_BOOL_CONVERSION = YES;
				CLANG_WARN_COMMA = YES;
				CLANG_WARN_CONSTANT_CONVERSION = YES;
				CLANG_WARN_DEPRECATED_OBJC_IMPLEMENTATIONS = YES;
				CLANG_WARN_DIRECT_OBJC_ISA_USAGE = YES_ERROR;
				CLANG_WARN_DOCUMENTATION_COMMENTS = YES;
				CLANG_WARN_EMPTY_BODY = YES;
				CLANG_WARN_ENUM_CONVERSION = YES;
				CLANG_WARN_INFINITE_RECURSION = YES;
				CLANG_WARN_INT_CONVERSION = YES;
				CLANG_WARN_NON_LITERAL_NULL_CONVERSION = YES;
				CLANG_WARN_OBJC_IMPLICIT_RETAIN_SELF = YES;
				CLANG_WARN_OBJC_LITERAL_CONVERSION = YES;
				CLANG_WARN_OBJC_ROOT_CLASS = YES_ERROR;
				CLANG_WARN_RANGE_LOOP_ANALYSIS = YES;
				CLANG_WARN_STRICT_PROTOTYPES = YES;
				CLANG_WARN_SUSPICIOUS_MOVE = YES;
				CLANG_WARN_UNGUARDED_AVAILABILITY = YES_AGGRESSIVE;
				CLANG_WARN_UNREACHABLE_CODE = YES;
				CLANG_WARN__DUPLICATE_METHOD_MATCH = YES;
				CODE_SIGN_IDENTITY = "iPhone Developer";
				COPY_PHASE_STRIP = NO;
				DEBUG_INFORMATION_FORMAT = dwarf;
				ENABLE_STRICT_OBJC_MSGSEND = YES;
				ENABLE_TESTABILITY = YES;
				GCC_C_LANGUAGE_STANDARD = gnu11;
				GCC_DYNAMIC_NO_PIC = NO;
				GCC_NO_COMMON_BLOCKS = YES;
				GCC_OPTIMIZATION_LEVEL = 0;
				GCC_PREPROCESSOR_DEFINITIONS = (
					"DEBUG=1",
					"$(inherited)",
				);
				GCC_WARN_64_TO_32_BIT_CONVERSION = YES;
				GCC_WARN_ABOUT_RETURN_TYPE = YES_ERROR;
				GCC_WARN_UNDECLARED_SELECTOR = YES;
				GCC_WARN_UNINITIALIZED_AUTOS = YES_AGGRESSIVE;
				GCC_WARN_UNUSED_FUNCTION = YES;
				GCC_WARN_UNUSED_VARIABLE = YES;
				IPHONEOS_DEPLOYMENT_TARGET = 11.4;
				MTL_ENABLE_DEBUG_INFO = YES;
				ONLY_ACTIVE_ARCH = YES;
				SDKROOT = iphoneos;
				SWIFT_ACTIVE_COMPILATION_CONDITIONS = DEBUG;
				SWIFT_OPTIMIZATION_LEVEL = "-Onone";
			};
			name = Debug;
		};
		AC4E51DE212B92C20009B2FD /* Release */ = {
			isa = XCBuildConfiguration;
			buildSettings = {
				ALWAYS_SEARCH_USER_PATHS = NO;
				CLANG_ANALYZER_NONNULL = YES;
				CLANG_ANALYZER_NUMBER_OBJECT_CONVERSION = YES_AGGRESSIVE;
				CLANG_CXX_LANGUAGE_STANDARD = "gnu++14";
				CLANG_CXX_LIBRARY = "libc++";
				CLANG_ENABLE_MODULES = YES;
				CLANG_ENABLE_OBJC_ARC = YES;
				CLANG_ENABLE_OBJC_WEAK = YES;
				CLANG_WARN_BLOCK_CAPTURE_AUTORELEASING = YES;
				CLANG_WARN_BOOL_CONVERSION = YES;
				CLANG_WARN_COMMA = YES;
				CLANG_WARN_CONSTANT_CONVERSION = YES;
				CLANG_WARN_DEPRECATED_OBJC_IMPLEMENTATIONS = YES;
				CLANG_WARN_DIRECT_OBJC_ISA_USAGE = YES_ERROR;
				CLANG_WARN_DOCUMENTATION_COMMENTS = YES;
				CLANG_WARN_EMPTY_BODY = YES;
				CLANG_WARN_ENUM_CONVERSION = YES;
				CLANG_WARN_INFINITE_RECURSION = YES;
				CLANG_WARN_INT_CONVERSION = YES;
				CLANG_WARN_NON_LITERAL_NULL_CONVERSION = YES;
				CLANG_WARN_OBJC_IMPLICIT_RETAIN_SELF = YES;
				CLANG_WARN_OBJC_LITERAL_CONVERSION = YES;
				CLANG_WARN_OBJC_ROOT_CLASS = YES_ERROR;
				CLANG_WARN_RANGE_LOOP_ANALYSIS = YES;
				CLANG_WARN_STRICT_PROTOTYPES = YES;
				CLANG_WARN_SUSPICIOUS_MOVE = YES;
				CLANG_WARN_UNGUARDED_AVAILABILITY = YES_AGGRESSIVE;
				CLANG_WARN_UNREACHABLE_CODE = YES;
				CLANG_WARN__DUPLICATE_METHOD_MATCH = YES;
				CODE_SIGN_IDENTITY = "iPhone Developer";
				COPY_PHASE_STRIP = NO;
				DEBUG_INFORMATION_FORMAT = "dwarf-with-dsym";
				ENABLE_NS_ASSERTIONS = NO;
				ENABLE_STRICT_OBJC_MSGSEND = YES;
				GCC_C_LANGUAGE_STANDARD = gnu11;
				GCC_NO_COMMON_BLOCKS = YES;
				GCC_WARN_64_TO_32_BIT_CONVERSION = YES;
				GCC_WARN_ABOUT_RETURN_TYPE = YES_ERROR;
				GCC_WARN_UNDECLARED_SELECTOR = YES;
				GCC_WARN_UNINITIALIZED_AUTOS = YES_AGGRESSIVE;
				GCC_WARN_UNUSED_FUNCTION = YES;
				GCC_WARN_UNUSED_VARIABLE = YES;
				IPHONEOS_DEPLOYMENT_TARGET = 11.4;
				MTL_ENABLE_DEBUG_INFO = NO;
				SDKROOT = iphoneos;
				SWIFT_COMPILATION_MODE = wholemodule;
				SWIFT_OPTIMIZATION_LEVEL = "-O";
				VALIDATE_PRODUCT = YES;
			};
			name = Release;
		};
		AC4E51E0212B92C20009B2FD /* Debug */ = {
			isa = XCBuildConfiguration;
			buildSettings = {
				ASSETCATALOG_COMPILER_APPICON_NAME = AppIcon;
				CODE_SIGN_STYLE = Automatic;
				INFOPLIST_FILE = Exemplo_tableViewController/Info.plist;
				LD_RUNPATH_SEARCH_PATHS = (
					"$(inherited)",
					"@executable_path/Frameworks",
				);
				PRODUCT_BUNDLE_IDENTIFIER = "com.fiap.Exemplo-tableViewController";
				PRODUCT_NAME = "$(TARGET_NAME)";
				SWIFT_VERSION = 4.0;
				TARGETED_DEVICE_FAMILY = "1,2";
			};
			name = Debug;
		};
		AC4E51E1212B92C20009B2FD /* Release */ = {
			isa = XCBuildConfiguration;
			buildSettings = {
				ASSETCATALOG_COMPILER_APPICON_NAME = AppIcon;
				CODE_SIGN_STYLE = Automatic;
				INFOPLIST_FILE = Exemplo_tableViewController/Info.plist;
				LD_RUNPATH_SEARCH_PATHS = (
					"$(inherited)",
					"@executable_path/Frameworks",
				);
				PRODUCT_BUNDLE_IDENTIFIER = "com.fiap.Exemplo-tableViewController";
				PRODUCT_NAME = "$(TARGET_NAME)";
				SWIFT_VERSION = 4.0;
				TARGETED_DEVICE_FAMILY = "1,2";
			};
			name = Release;
		};
/* End XCBuildConfiguration section */

/* Begin XCConfigurationList section */
		AC4E51C8212B92C00009B2FD /* Build configuration list for PBXProject "Exemplo_tableViewController" */ = {
			isa = XCConfigurationList;
			buildConfigurations = (
				AC4E51DD212B92C20009B2FD /* Debug */,
				AC4E51DE212B92C20009B2FD /* Release */,
			);
			defaultConfigurationIsVisible = 0;
			defaultConfigurationName = Release;
		};
		AC4E51DF212B92C20009B2FD /* Build configuration list for PBXNativeTarget "Exemplo_tableViewController" */ = {
			isa = XCConfigurationList;
			buildConfigurations = (
				AC4E51E0212B92C20009B2FD /* Debug */,
				AC4E51E1212B92C20009B2FD /* Release */,
			);
			defaultConfigurationIsVisible = 0;
			defaultConfigurationName = Release;
		};
/* End XCConfigurationList section */
	};
	rootObject = AC4E51C5212B92C00009B2FD /* Project object */;
}
