// !$*UTF8*$!
{
	archiveVersion = 1;
	classes = {
	};
	objectVersion = 48;
	objects = {

/* Begin PBXBuildFile section */
		ACCC5E11207C3DA100580FCE /* AppDelegate.swift in Sources */ = {isa = PBXBuildFile; fileRef = ACCC5E10207C3DA100580FCE /* AppDelegate.swift */; };
		ACCC5E13207C3DA100580FCE /* ViewController.swift in Sources */ = {isa = PBXBuildFile; fileRef = ACCC5E12207C3DA100580FCE /* ViewController.swift */; };
		ACCC5E16207C3DA100580FCE /* Main.storyboard in Resources */ = {isa = PBXBuildFile; fileRef = ACCC5E14207C3DA100580FCE /* Main.storyboard */; };
		ACCC5E18207C3DA100580FCE /* Assets.xcassets in Resources */ = {isa = PBXBuildFile; fileRef = ACCC5E17207C3DA100580FCE /* Assets.xcassets */; };
		ACCC5E1B207C3DA100580FCE /* LaunchScreen.storyboard in Resources */ = {isa = PBXBuildFile; fileRef = ACCC5E19207C3DA100580FCE /* LaunchScreen.storyboard */; };
		ACCC5E23207C400D00580FCE /* Pessoa.swift in Sources */ = {isa = PBXBuildFile; fileRef = ACCC5E22207C400D00580FCE /* Pessoa.swift */; };
/* End PBXBuildFile section */

/* Begin PBXFileReference section */
		ACCC5E0D207C3DA100580FCE /* Exemplo Swift.app */ = {isa = PBXFileReference; explicitFileType = wrapper.application; includeInIndex = 0; path = "Exemplo Swift.app"; sourceTree = BUILT_PRODUCTS_DIR; };
		ACCC5E10207C3DA100580FCE /* AppDelegate.swift */ = {isa = PBXFileReference; lastKnownFileType = sourcecode.swift; path = AppDelegate.swift; sourceTree = "<group>"; };
		ACCC5E12207C3DA100580FCE /* ViewController.swift */ = {isa = PBXFileReference; lastKnownFileType = sourcecode.swift; path = ViewController.swift; sourceTree = "<group>"; };
		ACCC5E15207C3DA100580FCE /* Base */ = {isa = PBXFileReference; lastKnownFileType = file.storyboard; name = Base; path = Base.lproj/Main.storyboard; sourceTree = "<group>"; };
		ACCC5E17207C3DA100580FCE /* Assets.xcassets */ = {isa = PBXFileReference; lastKnownFileType = folder.assetcatalog; path = Assets.xcassets; sourceTree = "<group>"; };
		ACCC5E1A207C3DA100580FCE /* Base */ = {isa = PBXFileReference; lastKnownFileType = file.storyboard; name = Base; path = Base.lproj/LaunchScreen.storyboard; sourceTree = "<group>"; };
		ACCC5E1C207C3DA100580FCE /* Info.plist */ = {isa = PBXFileReference; lastKnownFileType = text.plist.xml; path = Info.plist; sourceTree = "<group>"; };
		ACCC5E22207C400D00580FCE /* Pessoa.swift */ = {isa = PBXFileReference; lastKnownFileType = sourcecode.swift; path = Pessoa.swift; sourceTree = "<group>"; };
/* End PBXFileReference section */

/* Begin PBXFrameworksBuildPhase section */
		ACCC5E0A207C3DA100580FCE /* Frameworks */ = {
			isa = PBXFrameworksBuildPhase;
			buildActionMask = 2147483647;
			files = (
			);
			runOnlyForDeploymentPostprocessing = 0;
		};
/* End PBXFrameworksBuildPhase section */

/* Begin PBXGroup section */
		ACCC5E04207C3DA100580FCE = {
			isa = PBXGroup;
			children = (
				ACCC5E0F207C3DA100580FCE /* Exemplo Swift */,
				ACCC5E0E207C3DA100580FCE /* Products */,
			);
			sourceTree = "<group>";
		};
		ACCC5E0E207C3DA100580FCE /* Products */ = {
			isa = PBXGroup;
			children = (
				ACCC5E0D207C3DA100580FCE /* Exemplo Swift.app */,
			);
			name = Products;
			sourceTree = "<group>";
		};
		ACCC5E0F207C3DA100580FCE /* Exemplo Swift */ = {
			isa = PBXGroup;
			children = (
				ACCC5E10207C3DA100580FCE /* AppDelegate.swift */,
				ACCC5E12207C3DA100580FCE /* ViewController.swift */,
				ACCC5E14207C3DA100580FCE /* Main.storyboard */,
				ACCC5E22207C400D00580FCE /* Pessoa.swift */,
				ACCC5E17207C3DA100580FCE /* Assets.xcassets */,
				ACCC5E19207C3DA100580FCE /* LaunchScreen.storyboard */,
				ACCC5E1C207C3DA100580FCE /* Info.plist */,
			);
			path = "Exemplo Swift";
			sourceTree = "<group>";
		};
/* End PBXGroup section */

/* Begin PBXNativeTarget section */
		ACCC5E0C207C3DA100580FCE /* Exemplo Swift */ = {
			isa = PBXNativeTarget;
			buildConfigurationList = ACCC5E1F207C3DA100580FCE /* Build configuration list for PBXNativeTarget "Exemplo Swift" */;
			buildPhases = (
				ACCC5E09207C3DA100580FCE /* Sources */,
				ACCC5E0A207C3DA100580FCE /* Frameworks */,
				ACCC5E0B207C3DA100580FCE /* Resources */,
			);
			buildRules = (
			);
			dependencies = (
			);
			name = "Exemplo Swift";
			productName = "Exemplo Swift";
			productReference = ACCC5E0D207C3DA100580FCE /* Exemplo Swift.app */;
			productType = "com.apple.product-type.application";
		};
/* End PBXNativeTarget section */

/* Begin PBXProject section */
		ACCC5E05207C3DA100580FCE /* Project object */ = {
			isa = PBXProject;
			attributes = {
				LastSwiftUpdateCheck = 0920;
				LastUpgradeCheck = 0920;
				ORGANIZATIONNAME = "Joao Victor Ferreira Lima";
				TargetAttributes = {
					ACCC5E0C207C3DA100580FCE = {
						CreatedOnToolsVersion = 9.2;
						ProvisioningStyle = Automatic;
					};
				};
			};
			buildConfigurationList = ACCC5E08207C3DA100580FCE /* Build configuration list for PBXProject "Exemplo Swift" */;
			compatibilityVersion = "Xcode 8.0";
			developmentRegion = en;
			hasScannedForEncodings = 0;
			knownRegions = (
				en,
				Base,
			);
			mainGroup = ACCC5E04207C3DA100580FCE;
			productRefGroup = ACCC5E0E207C3DA100580FCE /* Products */;
			projectDirPath = "";
			projectRoot = "";
			targets = (
				ACCC5E0C207C3DA100580FCE /* Exemplo Swift */,
			);
		};
/* End PBXProject section */

/* Begin PBXResourcesBuildPhase section */
		ACCC5E0B207C3DA100580FCE /* Resources */ = {
			isa = PBXResourcesBuildPhase;
			buildActionMask = 2147483647;
			files = (
				ACCC5E1B207C3DA100580FCE /* LaunchScreen.storyboard in Resources */,
				ACCC5E18207C3DA100580FCE /* Assets.xcassets in Resources */,
				ACCC5E16207C3DA100580FCE /* Main.storyboard in Resources */,
			);
			runOnlyForDeploymentPostprocessing = 0;
		};
/* End PBXResourcesBuildPhase section */

/* Begin PBXSourcesBuildPhase section */
		ACCC5E09207C3DA100580FCE /* Sources */ = {
			isa = PBXSourcesBuildPhase;
			buildActionMask = 2147483647;
			files = (
				ACCC5E13207C3DA100580FCE /* ViewController.swift in Sources */,
				ACCC5E23207C400D00580FCE /* Pessoa.swift in Sources */,
				ACCC5E11207C3DA100580FCE /* AppDelegate.swift in Sources */,
			);
			runOnlyForDeploymentPostprocessing = 0;
		};
/* End PBXSourcesBuildPhase section */

/* Begin PBXVariantGroup section */
		ACCC5E14207C3DA100580FCE /* Main.storyboard */ = {
			isa = PBXVariantGroup;
			children = (
				ACCC5E15207C3DA100580FCE /* Base */,
			);
			name = Main.storyboard;
			sourceTree = "<group>";
		};
		ACCC5E19207C3DA100580FCE /* LaunchScreen.storyboard */ = {
			isa = PBXVariantGroup;
			children = (
				ACCC5E1A207C3DA100580FCE /* Base */,
			);
			name = LaunchScreen.storyboard;
			sourceTree = "<group>";
		};
/* End PBXVariantGroup section */

/* Begin XCBuildConfiguration section */
		ACCC5E1D207C3DA100580FCE /* Debug */ = {
			isa = XCBuildConfiguration;
			buildSettings = {
				ALWAYS_SEARCH_USER_PATHS = NO;
				CLANG_ANALYZER_NONNULL = YES;
				CLANG_ANALYZER_NUMBER_OBJECT_CONVERSION = YES_AGGRESSIVE;
				CLANG_CXX_LANGUAGE_STANDARD = "gnu++14";
				CLANG_CXX_LIBRARY = "libc++";
				CLANG_ENABLE_MODULES = YES;
				CLANG_ENABLE_OBJC_ARC = YES;
				CLANG_WARN_BLOCK_CAPTURE_AUTORELEASING = YES;
				CLANG_WARN_BOOL_CONVERSION = YES;
				CLANG_WARN_COMMA = YES;
				CLANG_WARN_CONSTANT_CONVERSION = YES;
				CLANG_WARN_DIRECT_OBJC_ISA_USAGE = YES_ERROR;
				CLANG_WARN_DOCUMENTATION_COMMENTS = YES;
				CLANG_WARN_EMPTY_BODY = YES;
				CLANG_WARN_ENUM_CONVERSION = YES;
				CLANG_WARN_INFINITE_RECURSION = YES;
				CLANG_WARN_INT_CONVERSION = YES;
				CLANG_WARN_NON_LITERAL_NULL_CONVERSION = YES;
				CLANG_WARN_OBJC_LITERAL_CONVERSION = YES;
				CLANG_WARN_OBJC_ROOT_CLASS = YES_ERROR;
				CLANG_WARN_RANGE_LOOP_ANALYSIS = YES;
				CLANG_WARN_STRICT_PROTOTYPES = YES;
				CLANG_WARN_SUSPICIOUS_MOVE = YES;
				CLANG_WARN_UNGUARDED_AVAILABILITY = YES_AGGRESSIVE;
				CLANG_WARN_UNREACHABLE_CODE = YES;
				CLANG_WARN__DUPLICATE_METHOD_MATCH = YES;
				CODE_SIGN_IDENTITY = "iPhone Developer";
				COPY_PHASE_STRIP = NO;
				DEBUG_INFORMATION_FORMAT = dwarf;
				ENABLE_STRICT_OBJC_MSGSEND = YES;
				ENABLE_TESTABILITY = YES;
				GCC_C_LANGUAGE_STANDARD = gnu11;
				GCC_DYNAMIC_NO_PIC = NO;
				GCC_NO_COMMON_BLOCKS = YES;
				GCC_OPTIMIZATION_LEVEL = 0;
				GCC_PREPROCESSOR_DEFINITIONS = (
					"DEBUG=1",
					"$(inherited)",
				);
				GCC_WARN_64_TO_32_BIT_CONVERSION = YES;
				GCC_WARN_ABOUT_RETURN_TYPE = YES_ERROR;
				GCC_WARN_UNDECLARED_SELECTOR = YES;
				GCC_WARN_UNINITIALIZED_AUTOS = YES_AGGRESSIVE;
				GCC_WARN_UNUSED_FUNCTION = YES;
				GCC_WARN_UNUSED_VARIABLE = YES;
				IPHONEOS_DEPLOYMENT_TARGET = 11.2;
				MTL_ENABLE_DEBUG_INFO = YES;
				ONLY_ACTIVE_ARCH = YES;
				SDKROOT = iphoneos;
				SWIFT_ACTIVE_COMPILATION_CONDITIONS = DEBUG;
				SWIFT_OPTIMIZATION_LEVEL = "-Onone";
			};
			name = Debug;
		};
		ACCC5E1E207C3DA100580FCE /* Release */ = {
			isa = XCBuildConfiguration;
			buildSettings = {
				ALWAYS_SEARCH_USER_PATHS = NO;
				CLANG_ANALYZER_NONNULL = YES;
				CLANG_ANALYZER_NUMBER_OBJECT_CONVERSION = YES_AGGRESSIVE;
				CLANG_CXX_LANGUAGE_STANDARD = "gnu++14";
				CLANG_CXX_LIBRARY = "libc++";
				CLANG_ENABLE_MODULES = YES;
				CLANG_ENABLE_OBJC_ARC = YES;
				CLANG_WARN_BLOCK_CAPTURE_AUTORELEASING = YES;
				CLANG_WARN_BOOL_CONVERSION = YES;
				CLANG_WARN_COMMA = YES;
				CLANG_WARN_CONSTANT_CONVERSION = YES;
				CLANG_WARN_DIRECT_OBJC_ISA_USAGE = YES_ERROR;
				CLANG_WARN_DOCUMENTATION_COMMENTS = YES;
				CLANG_WARN_EMPTY_BODY = YES;
				CLANG_WARN_ENUM_CONVERSION = YES;
				CLANG_WARN_INFINITE_RECURSION = YES;
				CLANG_WARN_INT_CONVERSION = YES;
				CLANG_WARN_NON_LITERAL_NULL_CONVERSION = YES;
				CLANG_WARN_OBJC_LITERAL_CONVERSION = YES;
				CLANG_WARN_OBJC_ROOT_CLASS = YES_ERROR;
				CLANG_WARN_RANGE_LOOP_ANALYSIS = YES;
				CLANG_WARN_STRICT_PROTOTYPES = YES;
				CLANG_WARN_SUSPICIOUS_MOVE = YES;
				CLANG_WARN_UNGUARDED_AVAILABILITY = YES_AGGRESSIVE;
				CLANG_WARN_UNREACHABLE_CODE = YES;
				CLANG_WARN__DUPLICATE_METHOD_MATCH = YES;
				CODE_SIGN_IDENTITY = "iPhone Developer";
				COPY_PHASE_STRIP = NO;
				DEBUG_INFORMATION_FORMAT = "dwarf-with-dsym";
				ENABLE_NS_ASSERTIONS = NO;
				ENABLE_STRICT_OBJC_MSGSEND = YES;
				GCC_C_LANGUAGE_STANDARD = gnu11;
				GCC_NO_COMMON_BLOCKS = YES;
				GCC_WARN_64_TO_32_BIT_CONVERSION = YES;
				GCC_WARN_ABOUT_RETURN_TYPE = YES_ERROR;
				GCC_WARN_UNDECLARED_SELECTOR = YES;
				GCC_WARN_UNINITIALIZED_AUTOS = YES_AGGRESSIVE;
				GCC_WARN_UNUSED_FUNCTION = YES;
				GCC_WARN_UNUSED_VARIABLE = YES;
				IPHONEOS_DEPLOYMENT_TARGET = 11.2;
				MTL_ENABLE_DEBUG_INFO = NO;
				SDKROOT = iphoneos;
				SWIFT_OPTIMIZATION_LEVEL = "-Owholemodule";
				VALIDATE_PRODUCT = YES;
			};
			name = Release;
		};
		ACCC5E20207C3DA100580FCE /* Debug */ = {
			isa = XCBuildConfiguration;
			buildSettings = {
				ASSETCATALOG_COMPILER_APPICON_NAME = AppIcon;
				CODE_SIGN_STYLE = Automatic;
				INFOPLIST_FILE = "Exemplo Swift/Info.plist";
				LD_RUNPATH_SEARCH_PATHS = "$(inherited) @executable_path/Frameworks";
				PRODUCT_BUNDLE_IDENTIFIER = "com.fiap.Exemplo-Swift";
				PRODUCT_NAME = "$(TARGET_NAME)";
				SWIFT_VERSION = 4.0;
				TARGETED_DEVICE_FAMILY = "1,2";
			};
			name = Debug;
		};
		ACCC5E21207C3DA100580FCE /* Release */ = {
			isa = XCBuildConfiguration;
			buildSettings = {
				ASSETCATALOG_COMPILER_APPICON_NAME = AppIcon;
				CODE_SIGN_STYLE = Automatic;
				INFOPLIST_FILE = "Exemplo Swift/Info.plist";
				LD_RUNPATH_SEARCH_PATHS = "$(inherited) @executable_path/Frameworks";
				PRODUCT_BUNDLE_IDENTIFIER = "com.fiap.Exemplo-Swift";
				PRODUCT_NAME = "$(TARGET_NAME)";
				SWIFT_VERSION = 4.0;
				TARGETED_DEVICE_FAMILY = "1,2";
			};
			name = Release;
		};
/* End XCBuildConfiguration section */

/* Begin XCConfigurationList section */
		ACCC5E08207C3DA100580FCE /* Build configuration list for PBXProject "Exemplo Swift" */ = {
			isa = XCConfigurationList;
			buildConfigurations = (
				ACCC5E1D207C3DA100580FCE /* Debug */,
				ACCC5E1E207C3DA100580FCE /* Release */,
			);
			defaultConfigurationIsVisible = 0;
			defaultConfigurationName = Release;
		};
		ACCC5E1F207C3DA100580FCE /* Build configuration list for PBXNativeTarget "Exemplo Swift" */ = {
			isa = XCConfigurationList;
			buildConfigurations = (
				ACCC5E20207C3DA100580FCE /* Debug */,
				ACCC5E21207C3DA100580FCE /* Release */,
			);
			defaultConfigurationIsVisible = 0;
			defaultConfigurationName = Release;
		};
/* End XCConfigurationList section */
	};
	rootObject = ACCC5E05207C3DA100580FCE /* Project object */;
}
